lockfileVersion: '9.0'

settings:
  autoInstallPeers: true
  excludeLinksFromLockfile: false

importers:

  .:
    dependencies:
      crypto-js:
        specifier: ^4.2.0
        version: 4.2.0
    devDependencies:
      '@types/crypto-js':
        specifier: ^4.2.2
        version: 4.2.2
      '@types/node':
        specifier: ^16.0.0
        version: 16.18.122
      typescript:
        specifier: ^4.5.0
        version: 4.9.5

packages:

  '@types/crypto-js@4.2.2':
    resolution: {integrity: sha512-sDOLlVbHhXpAUAL0YHDUUwDZf3iN4Bwi4W6a0W0b+QcAezUbRtH4FVb+9J4h+XFPW7l/gQ9F8qC7P+Ec4k8QVQ==}

  '@types/node@16.18.122':
    resolution: {integrity: sha512-rF6rUBS80n4oK16EW8nE75U+9fw0SSUgoPtWSvHhPXdT7itbvmS7UjB/jyM8i3AkvI6yeSM5qCwo+xN0npGDHg==}

  crypto-js@4.2.0:
    resolution: {integrity: sha512-KALDyEYgpY+Rlob/iriUtjV6d5Eq+Y191A5g4UqLAi8CyGP9N1+FdVbkc1SxKc2r4YAYqG8JzO2KGL+AizD70Q==}

  typescript@4.9.5:
    resolution: {integrity: sha512-1FXk9E2Hm+QzZQ7z+McJiHL4NW1F2EzMu9Nq9i3zAaGqibafqYwCVU6WyWAuyQRRzOlxou8xZSyXLEN8oKj24g==}
    engines: {node: '>=4.2.0'}
    hasBin: true

snapshots:

  '@types/crypto-js@4.2.2': {}

  '@types/node@16.18.122': {}

  crypto-js@4.2.0: {}

  typescript@4.9.5: {}
